// !$*UTF8*$!
{
	archiveVersion = 1;
	classes = {
	};
	objectVersion = 56;
	objects = {

/* Begin PBXBuildFile section */
		4A48A107490B140856260C23 /* Pods_DeleteMe.framework in Frameworks */ = {isa = PBXBuildFile; fileRef = 3344D20FE3BCDE46716784AC /* Pods_DeleteMe.framework */; };
		D74054B32A21145F00A4BD3A /* AppDelegate.swift in Sources */ = {isa = PBXBuildFile; fileRef = D74054B22A21145F00A4BD3A /* AppDelegate.swift */; };
		D74054B52A21145F00A4BD3A /* SceneDelegate.swift in Sources */ = {isa = PBXBuildFile; fileRef = D74054B42A21145F00A4BD3A /* SceneDelegate.swift */; };
		D74054B72A21145F00A4BD3A /* ViewController.swift in Sources */ = {isa = PBXBuildFile; fileRef = D74054B62A21145F00A4BD3A /* ViewController.swift */; };
		D74054BC2A21146000A4BD3A /* Assets.xcassets in Resources */ = {isa = PBXBuildFile; fileRef = D74054BB2A21146000A4BD3A /* Assets.xcassets */; };
		D74054BF2A21146000A4BD3A /* LaunchScreen.storyboard in Resources */ = {isa = PBXBuildFile; fileRef = D74054BD2A21146000A4BD3A /* LaunchScreen.storyboard */; };
/* End PBXBuildFile section */

/* Begin PBXFileReference section */
		3344D20FE3BCDE46716784AC /* Pods_DeleteMe.framework */ = {isa = PBXFileReference; explicitFileType = wrapper.framework; includeInIndex = 0; path = Pods_DeleteMe.framework; sourceTree = BUILT_PRODUCTS_DIR; };
		5972070A073EA29BD0CDE549 /* Pods-DeleteMe.release.xcconfig */ = {isa = PBXFileReference; includeInIndex = 1; lastKnownFileType = text.xcconfig; name = "Pods-DeleteMe.release.xcconfig"; path = "Target Support Files/Pods-DeleteMe/Pods-DeleteMe.release.xcconfig"; sourceTree = "<group>"; };
		D264FECE1C875977D8382C42 /* Pods-DeleteMe.debug.xcconfig */ = {isa = PBXFileReference; includeInIndex = 1; lastKnownFileType = text.xcconfig; name = "Pods-DeleteMe.debug.xcconfig"; path = "Target Support Files/Pods-DeleteMe/Pods-DeleteMe.debug.xcconfig"; sourceTree = "<group>"; };
		D74054AF2A21145F00A4BD3A /* DeleteMe.app */ = {isa = PBXFileReference; explicitFileType = wrapper.application; includeInIndex = 0; path = DeleteMe.app; sourceTree = BUILT_PRODUCTS_DIR; };
		D74054B22A21145F00A4BD3A /* AppDelegate.swift */ = {isa = PBXFileReference; lastKnownFileType = sourcecode.swift; path = AppDelegate.swift; sourceTree = "<group>"; };
		D74054B42A21145F00A4BD3A /* SceneDelegate.swift */ = {isa = PBXFileReference; lastKnownFileType = sourcecode.swift; path = SceneDelegate.swift; sourceTree = "<group>"; };
		D74054B62A21145F00A4BD3A /* ViewController.swift */ = {isa = PBXFileReference; lastKnownFileType = sourcecode.swift; path = ViewController.swift; sourceTree = "<group>"; };
		D74054BB2A21146000A4BD3A /* Assets.xcassets */ = {isa = PBXFileReference; lastKnownFileType = folder.assetcatalog; path = Assets.xcassets; sourceTree = "<group>"; };
		D74054BE2A21146000A4BD3A /* Base */ = {isa = PBXFileReference; lastKnownFileType = file.storyboard; name = Base; path = Base.lproj/LaunchScreen.storyboard; sourceTree = "<group>"; };
		D74054C02A21146000A4BD3A /* Info.plist */ = {isa = PBXFileReference; lastKnownFileType = text.plist.xml; path = Info.plist; sourceTree = "<group>"; };
/* End PBXFileReference section */

/* Begin PBXFrameworksBuildPhase section */
		D74054AC2A21145F00A4BD3A /* Frameworks */ = {
			isa = PBXFrameworksBuildPhase;
			buildActionMask = 2147483647;
			files = (
				4A48A107490B140856260C23 /* Pods_DeleteMe.framework in Frameworks */,
			);
			runOnlyForDeploymentPostprocessing = 0;
		};
/* End PBXFrameworksBuildPhase section */

/* Begin PBXGroup section */
		66CC4B624451D436ED886D84 /* Pods */ = {
			isa = PBXGroup;
			children = (
				D264FECE1C875977D8382C42 /* Pods-DeleteMe.debug.xcconfig */,
				5972070A073EA29BD0CDE549 /* Pods-DeleteMe.release.xcconfig */,
			);
			path = Pods;
			sourceTree = "<group>";
		};
		8B720E3FC9A61E1AD99074A3 /* Frameworks */ = {
			isa = PBXGroup;
			children = (
				3344D20FE3BCDE46716784AC /* Pods_DeleteMe.framework */,
			);
			name = Frameworks;
			sourceTree = "<group>";
		};
		D74054A62A21145F00A4BD3A = {
			isa = PBXGroup;
			children = (
				D74054B12A21145F00A4BD3A /* DeleteMe */,
				D74054B02A21145F00A4BD3A /* Products */,
				66CC4B624451D436ED886D84 /* Pods */,
				8B720E3FC9A61E1AD99074A3 /* Frameworks */,
			);
			sourceTree = "<group>";
		};
		D74054B02A21145F00A4BD3A /* Products */ = {
			isa = PBXGroup;
			children = (
				D74054AF2A21145F00A4BD3A /* DeleteMe.app */,
			);
			name = Products;
			sourceTree = "<group>";
		};
		D74054B12A21145F00A4BD3A /* DeleteMe */ = {
			isa = PBXGroup;
			children = (
				D74054B22A21145F00A4BD3A /* AppDelegate.swift */,
				D74054B42A21145F00A4BD3A /* SceneDelegate.swift */,
				D74054B62A21145F00A4BD3A /* ViewController.swift */,
				D74054BB2A21146000A4BD3A /* Assets.xcassets */,
				D74054BD2A21146000A4BD3A /* LaunchScreen.storyboard */,
				D74054C02A21146000A4BD3A /* Info.plist */,
			);
			path = DeleteMe;
			sourceTree = "<group>";
		};
/* End PBXGroup section */

/* Begin PBXNativeTarget section */
		D74054AE2A21145F00A4BD3A /* DeleteMe */ = {
			isa = PBXNativeTarget;
			buildConfigurationList = D74054C32A21146000A4BD3A /* Build configuration list for PBXNativeTarget "DeleteMe" */;
			buildPhases = (
				B1CC0782DCB2FCB6B59C2AF0 /* [CP] Check Pods Manifest.lock */,
				38DDAA0D095F8BB83D6188DE /* [CP-User] Run Flutter Build fmy_app Script */,
				D74054AB2A21145F00A4BD3A /* Sources */,
				D74054AC2A21145F00A4BD3A /* Frameworks */,
				D74054AD2A21145F00A4BD3A /* Resources */,
				2352EF9AECF36C5E4266218F /* [CP-User] Embed Flutter Build fmy_app Script */,
			);
			buildRules = (
			);
			dependencies = (
			);
			name = DeleteMe;
			productName = DeleteMe;
			productReference = D74054AF2A21145F00A4BD3A /* DeleteMe.app */;
			productType = "com.apple.product-type.application";
		};
/* End PBXNativeTarget section */

/* Begin PBXProject section */
		D74054A72A21145F00A4BD3A /* Project object */ = {
			isa = PBXProject;
			attributes = {
				BuildIndependentTargetsInParallel = 1;
				LastSwiftUpdateCheck = 1430;
				LastUpgradeCheck = 1430;
				TargetAttributes = {
					D74054AE2A21145F00A4BD3A = {
						CreatedOnToolsVersion = 14.3;
					};
				};
			};
			buildConfigurationList = D74054AA2A21145F00A4BD3A /* Build configuration list for PBXProject "DeleteMe" */;
			compatibilityVersion = "Xcode 14.0";
			developmentRegion = en;
			hasScannedForEncodings = 0;
			knownRegions = (
				en,
				Base,
			);
			mainGroup = D74054A62A21145F00A4BD3A;
			productRefGroup = D74054B02A21145F00A4BD3A /* Products */;
			projectDirPath = "";
			projectRoot = "";
			targets = (
				D74054AE2A21145F00A4BD3A /* DeleteMe */,
			);
		};
/* End PBXProject section */

/* Begin PBXResourcesBuildPhase section */
		D74054AD2A21145F00A4BD3A /* Resources */ = {
			isa = PBXResourcesBuildPhase;
			buildActionMask = 2147483647;
			files = (
				D74054BF2A21146000A4BD3A /* LaunchScreen.storyboard in Resources */,
				D74054BC2A21146000A4BD3A /* Assets.xcassets in Resources */,
			);
			runOnlyForDeploymentPostprocessing = 0;
		};
/* End PBXResourcesBuildPhase section */

/* Begin PBXShellScriptBuildPhase section */
		2352EF9AECF36C5E4266218F /* [CP-User] Embed Flutter Build fmy_app Script */ = {
			isa = PBXShellScriptBuildPhase;
			buildActionMask = 2147483647;
			files = (
			);
			name = "[CP-User] Embed Flutter Build fmy_app Script";
			runOnlyForDeploymentPostprocessing = 0;
			shellPath = /bin/sh;
			shellScript = "set -e\nset -u\nsource \"${SRCROOT}/../fmy_app/.ios/Flutter/flutter_export_environment.sh\"\nexport VERBOSE_SCRIPT_LOGGING=1 && \"$FLUTTER_ROOT\"/packages/flutter_tools/bin/xcode_backend.sh embed_and_thin";
		};
		38DDAA0D095F8BB83D6188DE /* [CP-User] Run Flutter Build fmy_app Script */ = {
			isa = PBXShellScriptBuildPhase;
			buildActionMask = 2147483647;
			files = (
			);
			name = "[CP-User] Run Flutter Build fmy_app Script";
			runOnlyForDeploymentPostprocessing = 0;
			shellPath = /bin/sh;
			shellScript = "set -e\nset -u\nsource \"${SRCROOT}/../fmy_app/.ios/Flutter/flutter_export_environment.sh\"\nexport VERBOSE_SCRIPT_LOGGING=1 && \"$FLUTTER_ROOT\"/packages/flutter_tools/bin/xcode_backend.sh build";
		};
		B1CC0782DCB2FCB6B59C2AF0 /* [CP] Check Pods Manifest.lock */ = {
			isa = PBXShellScriptBuildPhase;
			buildActionMask = 2147483647;
			files = (
			);
			inputFileListPaths = (
			);
			inputPaths = (
				"${PODS_PODFILE_DIR_PATH}/Podfile.lock",
				"${PODS_ROOT}/Manifest.lock",
			);
			name = "[CP] Check Pods Manifest.lock";
			outputFileListPaths = (
			);
			outputPaths = (
				"$(DERIVED_FILE_DIR)/Pods-DeleteMe-checkManifestLockResult.txt",
			);
			runOnlyForDeploymentPostprocessing = 0;
			shellPath = /bin/sh;
			shellScript = "diff \"${PODS_PODFILE_DIR_PATH}/Podfile.lock\" \"${PODS_ROOT}/Manifest.lock\" > /dev/null\nif [ $? != 0 ] ; then\n    # print error to STDERR\n    echo \"error: The sandbox is not in sync with the Podfile.lock. Run 'pod install' or update your CocoaPods installation.\" >&2\n    exit 1\nfi\n# This output is used by Xcode 'outputs' to avoid re-running this script phase.\necho \"SUCCESS\" > \"${SCRIPT_OUTPUT_FILE_0}\"\n";
			showEnvVarsInLog = 0;
		};
/* End PBXShellScriptBuildPhase section */

/* Begin PBXSourcesBuildPhase section */
		D74054AB2A21145F00A4BD3A /* Sources */ = {
			isa = PBXSourcesBuildPhase;
			buildActionMask = 2147483647;
			files = (
				D74054B72A21145F00A4BD3A /* ViewController.swift in Sources */,
				D74054B32A21145F00A4BD3A /* AppDelegate.swift in Sources */,
				D74054B52A21145F00A4BD3A /* SceneDelegate.swift in Sources */,
			);
			runOnlyForDeploymentPostprocessing = 0;
		};
/* End PBXSourcesBuildPhase section */

/* Begin PBXVariantGroup section */
		D74054BD2A21146000A4BD3A /* LaunchScreen.storyboard */ = {
			isa = PBXVariantGroup;
			children = (
				D74054BE2A21146000A4BD3A /* Base */,
			);
			name = LaunchScreen.storyboard;
			sourceTree = "<group>";
		};
/* End PBXVariantGroup section */

/* Begin XCBuildConfiguration section */
		D74054C12A21146000A4BD3A /* Debug */ = {
			isa = XCBuildConfiguration;
			buildSettings = {
				ALWAYS_SEARCH_USER_PATHS = NO;
				CLANG_ANALYZER_NONNULL = YES;
				CLANG_ANALYZER_NUMBER_OBJECT_CONVERSION = YES_AGGRESSIVE;
				CLANG_CXX_LANGUAGE_STANDARD = "gnu++20";
				CLANG_ENABLE_MODULES = YES;
				CLANG_ENABLE_OBJC_ARC = YES;
				CLANG_ENABLE_OBJC_WEAK = YES;
				CLANG_WARN_BLOCK_CAPTURE_AUTORELEASING = YES;
				CLANG_WARN_BOOL_CONVERSION = YES;
				CLANG_WARN_COMMA = YES;
				CLANG_WARN_CONSTANT_CONVERSION = YES;
				CLANG_WARN_DEPRECATED_OBJC_IMPLEMENTATIONS = YES;
				CLANG_WARN_DIRECT_OBJC_ISA_USAGE = YES_ERROR;
				CLANG_WARN_DOCUMENTATION_COMMENTS = YES;
				CLANG_WARN_EMPTY_BODY = YES;
				CLANG_WARN_ENUM_CONVERSION = YES;
				CLANG_WARN_INFINITE_RECURSION = YES;
				CLANG_WARN_INT_CONVERSION = YES;
				CLANG_WARN_NON_LITERAL_NULL_CONVERSION = YES;
				CLANG_WARN_OBJC_IMPLICIT_RETAIN_SELF = YES;
				CLANG_WARN_OBJC_LITERAL_CONVERSION = YES;
				CLANG_WARN_OBJC_ROOT_CLASS = YES_ERROR;
				CLANG_WARN_QUOTED_INCLUDE_IN_FRAMEWORK_HEADER = YES;
				CLANG_WARN_RANGE_LOOP_ANALYSIS = YES;
				CLANG_WARN_STRICT_PROTOTYPES = YES;
				CLANG_WARN_SUSPICIOUS_MOVE = YES;
				CLANG_WARN_UNGUARDED_AVAILABILITY = YES_AGGRESSIVE;
				CLANG_WARN_UNREACHABLE_CODE = YES;
				CLANG_WARN__DUPLICATE_METHOD_MATCH = YES;
				COPY_PHASE_STRIP = NO;
				DEBUG_INFORMATION_FORMAT = dwarf;
				ENABLE_STRICT_OBJC_MSGSEND = YES;
				ENABLE_TESTABILITY = YES;
				GCC_C_LANGUAGE_STANDARD = gnu11;
				GCC_DYNAMIC_NO_PIC = NO;
				GCC_NO_COMMON_BLOCKS = YES;
				GCC_OPTIMIZATION_LEVEL = 0;
				GCC_PREPROCESSOR_DEFINITIONS = (
					"DEBUG=1",
					"$(inherited)",
				);
				GCC_WARN_64_TO_32_BIT_CONVERSION = YES;
				GCC_WARN_ABOUT_RETURN_TYPE = YES_ERROR;
				GCC_WARN_UNDECLARED_SELECTOR = YES;
				GCC_WARN_UNINITIALIZED_AUTOS = YES_AGGRESSIVE;
				GCC_WARN_UNUSED_FUNCTION = YES;
				GCC_WARN_UNUSED_VARIABLE = YES;
				IPHONEOS_DEPLOYMENT_TARGET = 16.4;
				MTL_ENABLE_DEBUG_INFO = INCLUDE_SOURCE;
				MTL_FAST_MATH = YES;
				ONLY_ACTIVE_ARCH = YES;
				SDKROOT = iphoneos;
				SWIFT_ACTIVE_COMPILATION_CONDITIONS = DEBUG;
				SWIFT_OPTIMIZATION_LEVEL = "-Onone";
			};
			name = Debug;
		};
		D74054C22A21146000A4BD3A /* Release */ = {
			isa = XCBuildConfiguration;
			buildSettings = {
				ALWAYS_SEARCH_USER_PATHS = NO;
				CLANG_ANALYZER_NONNULL = YES;
				CLANG_ANALYZER_NUMBER_OBJECT_CONVERSION = YES_AGGRESSIVE;
				CLANG_CXX_LANGUAGE_STANDARD = "gnu++20";
				CLANG_ENABLE_MODULES = YES;
				CLANG_ENABLE_OBJC_ARC = YES;
				CLANG_ENABLE_OBJC_WEAK = YES;
				CLANG_WARN_BLOCK_CAPTURE_AUTORELEASING = YES;
				CLANG_WARN_BOOL_CONVERSION = YES;
				CLANG_WARN_COMMA = YES;
				CLANG_WARN_CONSTANT_CONVERSION = YES;
				CLANG_WARN_DEPRECATED_OBJC_IMPLEMENTATIONS = YES;
				CLANG_WARN_DIRECT_OBJC_ISA_USAGE = YES_ERROR;
				CLANG_WARN_DOCUMENTATION_COMMENTS = YES;
				CLANG_WARN_EMPTY_BODY = YES;
				CLANG_WARN_ENUM_CONVERSION = YES;
				CLANG_WARN_INFINITE_RECURSION = YES;
				CLANG_WARN_INT_CONVERSION = YES;
				CLANG_WARN_NON_LITERAL_NULL_CONVERSION = YES;
				CLANG_WARN_OBJC_IMPLICIT_RETAIN_SELF = YES;
				CLANG_WARN_OBJC_LITERAL_CONVERSION = YES;
				CLANG_WARN_OBJC_ROOT_CLASS = YES_ERROR;
				CLANG_WARN_QUOTED_INCLUDE_IN_FRAMEWORK_HEADER = YES;
				CLANG_WARN_RANGE_LOOP_ANALYSIS = YES;
				CLANG_WARN_STRICT_PROTOTYPES = YES;
				CLANG_WARN_SUSPICIOUS_MOVE = YES;
				CLANG_WARN_UNGUARDED_AVAILABILITY = YES_AGGRESSIVE;
				CLANG_WARN_UNREACHABLE_CODE = YES;
				CLANG_WARN__DUPLICATE_METHOD_MATCH = YES;
				COPY_PHASE_STRIP = NO;
				DEBUG_INFORMATION_FORMAT = "dwarf-with-dsym";
				ENABLE_NS_ASSERTIONS = NO;
				ENABLE_STRICT_OBJC_MSGSEND = YES;
				GCC_C_LANGUAGE_STANDARD = gnu11;
				GCC_NO_COMMON_BLOCKS = YES;
				GCC_WARN_64_TO_32_BIT_CONVERSION = YES;
				GCC_WARN_ABOUT_RETURN_TYPE = YES_ERROR;
				GCC_WARN_UNDECLARED_SELECTOR = YES;
				GCC_WARN_UNINITIALIZED_AUTOS = YES_AGGRESSIVE;
				GCC_WARN_UNUSED_FUNCTION = YES;
				GCC_WARN_UNUSED_VARIABLE = YES;
				IPHONEOS_DEPLOYMENT_TARGET = 16.4;
				MTL_ENABLE_DEBUG_INFO = NO;
				MTL_FAST_MATH = YES;
				SDKROOT = iphoneos;
				SWIFT_COMPILATION_MODE = wholemodule;
				SWIFT_OPTIMIZATION_LEVEL = "-O";
				VALIDATE_PRODUCT = YES;
			};
			name = Release;
		};
		D74054C42A21146000A4BD3A /* Debug */ = {
			isa = XCBuildConfiguration;
			baseConfigurationReference = D264FECE1C875977D8382C42 /* Pods-DeleteMe.debug.xcconfig */;
			buildSettings = {
				ASSETCATALOG_COMPILER_APPICON_NAME = AppIcon;
				ASSETCATALOG_COMPILER_GLOBAL_ACCENT_COLOR_NAME = AccentColor;
				CODE_SIGN_STYLE = Automatic;
				CURRENT_PROJECT_VERSION = 1;
				DEVELOPMENT_TEAM = QM43B7QRF9;
				GENERATE_INFOPLIST_FILE = YES;
				INFOPLIST_FILE = DeleteMe/Info.plist;
				INFOPLIST_KEY_UIApplicationSupportsIndirectInputEvents = YES;
				INFOPLIST_KEY_UILaunchStoryboardName = LaunchScreen;
				INFOPLIST_KEY_UISupportedInterfaceOrientations_iPad = "UIInterfaceOrientationPortrait UIInterfaceOrientationPortraitUpsideDown UIInterfaceOrientationLandscapeLeft UIInterfaceOrientationLandscapeRight";
				INFOPLIST_KEY_UISupportedInterfaceOrientations_iPhone = "UIInterfaceOrientationPortrait UIInterfaceOrientationLandscapeLeft UIInterfaceOrientationLandscapeRight";
				LD_RUNPATH_SEARCH_PATHS = (
					"$(inherited)",
					"@executable_path/Frameworks",
				);
				MARKETING_VERSION = 1.0;
				PRODUCT_BUNDLE_IDENTIFIER = dev.pastre.DeleteMe;
				PRODUCT_NAME = "$(TARGET_NAME)";
				SWIFT_EMIT_LOC_STRINGS = YES;
				SWIFT_VERSION = 5.0;
				TARGETED_DEVICE_FAMILY = "1,2";
			};
			name = Debug;
		};
		D74054C52A21146000A4BD3A /* Release */ = {
			isa = XCBuildConfiguration;
			baseConfigurationReference = 5972070A073EA29BD0CDE549 /* Pods-DeleteMe.release.xcconfig */;
			buildSettings = {
				ASSETCATALOG_COMPILER_APPICON_NAME = AppIcon;
				ASSETCATALOG_COMPILER_GLOBAL_ACCENT_COLOR_NAME = AccentColor;
				CODE_SIGN_STYLE = Automatic;
				CURRENT_PROJECT_VERSION = 1;
				DEVELOPMENT_TEAM = QM43B7QRF9;
				GENERATE_INFOPLIST_FILE = YES;
				INFOPLIST_FILE = DeleteMe/Info.plist;
				INFOPLIST_KEY_UIApplicationSupportsIndirectInputEvents = YES;
				INFOPLIST_KEY_UILaunchStoryboardName = LaunchScreen;
				INFOPLIST_KEY_UISupportedInterfaceOrientations_iPad = "UIInterfaceOrientationPortrait UIInterfaceOrientationPortraitUpsideDown UIInterfaceOrientationLandscapeLeft UIInterfaceOrientationLandscapeRight";
				INFOPLIST_KEY_UISupportedInterfaceOrientations_iPhone = "UIInterfaceOrientationPortrait UIInterfaceOrientationLandscapeLeft UIInterfaceOrientationLandscapeRight";
				LD_RUNPATH_SEARCH_PATHS = (
					"$(inherited)",
					"@executable_path/Frameworks",
				);
				MARKETING_VERSION = 1.0;
				PRODUCT_BUNDLE_IDENTIFIER = dev.pastre.DeleteMe;
				PRODUCT_NAME = "$(TARGET_NAME)";
				SWIFT_EMIT_LOC_STRINGS = YES;
				SWIFT_VERSION = 5.0;
				TARGETED_DEVICE_FAMILY = "1,2";
			};
			name = Release;
		};
/* End XCBuildConfiguration section */

/* Begin XCConfigurationList section */
		D74054AA2A21145F00A4BD3A /* Build configuration list for PBXProject "DeleteMe" */ = {
			isa = XCConfigurationList;
			buildConfigurations = (
				D74054C12A21146000A4BD3A /* Debug */,
				D74054C22A21146000A4BD3A /* Release */,
			);
			defaultConfigurationIsVisible = 0;
			defaultConfigurationName = Release;
		};
		D74054C32A21146000A4BD3A /* Build configuration list for PBXNativeTarget "DeleteMe" */ = {
			isa = XCConfigurationList;
			buildConfigurations = (
				D74054C42A21146000A4BD3A /* Debug */,
				D74054C52A21146000A4BD3A /* Release */,
			);
			defaultConfigurationIsVisible = 0;
			defaultConfigurationName = Release;
		};
/* End XCConfigurationList section */
	};
	rootObject = D74054A72A21145F00A4BD3A /* Project object */;
}
